
Microsoft Visual Studio Solution File, Format Version 12.00
# Visual Studio Version 16
VisualStudioVersion = 16.0.29920.165
MinimumVisualStudioVersion = 10.0.40219.1
Project("{FAE04EC0-301F-11D3-BF4B-00C04F79EFBC}") = "OfficeDocs", "OfficeDocs.csproj", "{BF93E230-F0C9-406C-B0CE-EC8D519205B8}"
EndProject
Global
	GlobalSection(SolutionConfigurationPlatforms) = preSolution
		Debug|Any CPU = Debug|Any CPU
		Release|Any CPU = Release|Any CPU
	EndGlobalSection
	GlobalSection(ProjectConfigurationPlatforms) = postSolution
		{BF93E230-F0C9-406C-B0CE-EC8D519205B8}.Debug|Any CPU.ActiveCfg = Debug|Any CPU
		{BF93E230-F0C9-406C-B0CE-EC8D519205B8}.Debug|Any CPU.Build.0 = Debug|Any CPU
		{BF93E230-F0C9-406C-B0CE-EC8D519205B8}.Release|Any CPU.ActiveCfg = Release|Any CPU
		{BF93E230-F0C9-406C-B0CE-EC8D519205B8}.Release|Any CPU.Build.0 = Release|Any CPU
	EndGlobalSection
	GlobalSection(SolutionProperties) = preSolution
		HideSolutionNode = FALSE
	EndGlobalSection
	GlobalSection(ExtensibilityGlobals) = postSolution
		SolutionGuid = {589AB3B8-D7BA-41BD-87DE-8F7F922F034F}
	EndGlobalSection
EndGlobal
