
Microsoft Visual Studio Solution File, Format Version 12.00
# Visual Studio Version 16
VisualStudioVersion = 16.0.29709.97
MinimumVisualStudioVersion = 10.0.40219.1
Project("{FAE04EC0-301F-11D3-BF4B-00C04F79EFBC}") = "ASCII to Binary", "ASCII to Binary\ASCII to Binary.csproj", "{C2CBC545-D67E-44EF-8F9F-5F1CC9EED604}"
EndProject
Global
	GlobalSection(SolutionConfigurationPlatforms) = preSolution
		Debug|Any CPU = Debug|Any CPU
		Release|Any CPU = Release|Any CPU
	EndGlobalSection
	GlobalSection(ProjectConfigurationPlatforms) = postSolution
		{C2CBC545-D67E-44EF-8F9F-5F1CC9EED604}.Debug|Any CPU.ActiveCfg = Debug|Any CPU
		{C2CBC545-D67E-44EF-8F9F-5F1CC9EED604}.Debug|Any CPU.Build.0 = Debug|Any CPU
		{C2CBC545-D67E-44EF-8F9F-5F1CC9EED604}.Release|Any CPU.ActiveCfg = Release|Any CPU
		{C2CBC545-D67E-44EF-8F9F-5F1CC9EED604}.Release|Any CPU.Build.0 = Release|Any CPU
	EndGlobalSection
	GlobalSection(SolutionProperties) = preSolution
		HideSolutionNode = FALSE
	EndGlobalSection
	GlobalSection(ExtensibilityGlobals) = postSolution
		SolutionGuid = {D88A902C-928A-4808-86E8-23FEAFC42829}
	EndGlobalSection
EndGlobal
